
Microsoft Visual Studio Solution File, Format Version 12.00
# Visual Studio Version 17
VisualStudioVersion = 17.0.32112.339
MinimumVisualStudioVersion = 10.0.40219.1
Project("{9A19103F-16F7-4668-BE54-9A1E7A4F7556}") = "CleanArchMvc.Domain", "CleanArchMvc.Domain\CleanArchMvc.Domain.csproj", "{0E9D68CE-803A-4E0B-8478-B27C6F9AFE23}"
EndProject
Project("{9A19103F-16F7-4668-BE54-9A1E7A4F7556}") = "CleanArchMvc.Application", "CleanArchMvc.Application\CleanArchMvc.Application.csproj", "{A98A655B-F845-4565-B97F-6B0CD7B98FB1}"
EndProject
Project("{9A19103F-16F7-4668-BE54-9A1E7A4F7556}") = "CleanArchMvc.Infra.Data", "CleanArchMvc.Infra.Data\CleanArchMvc.Infra.Data.csproj", "{3FC3EAE2-C31B-4356-97C3-52DFC737442A}"
EndProject
Project("{9A19103F-16F7-4668-BE54-9A1E7A4F7556}") = "CleanArchMvc.IoC", "CleanArchMvc.IoC\CleanArchMvc.IoC.csproj", "{450E67BC-75F6-414A-90B3-A91E60DB16C0}"
EndProject
Project("{9A19103F-16F7-4668-BE54-9A1E7A4F7556}") = "CleanArchMvc.WebUI", "CleanArchMvc.WebUI\CleanArchMvc.WebUI.csproj", "{89783BAC-2C34-4F0A-B39E-246B9528BDA7}"
EndProject
Project("{9A19103F-16F7-4668-BE54-9A1E7A4F7556}") = "CleanArcMvc.Domain.Tests", "CleanArcMvc.Domain.Tests\CleanArcMvc.Domain.Tests.csproj", "{7CF2FC2B-178C-44EC-95C2-B8526A614CDF}"
EndProject
Project("{FAE04EC0-301F-11D3-BF4B-00C04F79EFBC}") = "CleanArchMvc.API", "CleanArchMvc.API\CleanArchMvc.API.csproj", "{93AAD578-250E-47F3-B62F-0C0C46AE72EE}"
EndProject
Global
	GlobalSection(SolutionConfigurationPlatforms) = preSolution
		Debug|Any CPU = Debug|Any CPU
		Release|Any CPU = Release|Any CPU
	EndGlobalSection
	GlobalSection(ProjectConfigurationPlatforms) = postSolution
		{0E9D68CE-803A-4E0B-8478-B27C6F9AFE23}.Debug|Any CPU.ActiveCfg = Debug|Any CPU
		{0E9D68CE-803A-4E0B-8478-B27C6F9AFE23}.Debug|Any CPU.Build.0 = Debug|Any CPU
		{0E9D68CE-803A-4E0B-8478-B27C6F9AFE23}.Release|Any CPU.ActiveCfg = Release|Any CPU
		{0E9D68CE-803A-4E0B-8478-B27C6F9AFE23}.Release|Any CPU.Build.0 = Release|Any CPU
		{A98A655B-F845-4565-B97F-6B0CD7B98FB1}.Debug|Any CPU.ActiveCfg = Debug|Any CPU
		{A98A655B-F845-4565-B97F-6B0CD7B98FB1}.Debug|Any CPU.Build.0 = Debug|Any CPU
		{A98A655B-F845-4565-B97F-6B0CD7B98FB1}.Release|Any CPU.ActiveCfg = Release|Any CPU
		{A98A655B-F845-4565-B97F-6B0CD7B98FB1}.Release|Any CPU.Build.0 = Release|Any CPU
		{3FC3EAE2-C31B-4356-97C3-52DFC737442A}.Debug|Any CPU.ActiveCfg = Debug|Any CPU
		{3FC3EAE2-C31B-4356-97C3-52DFC737442A}.Debug|Any CPU.Build.0 = Debug|Any CPU
		{3FC3EAE2-C31B-4356-97C3-52DFC737442A}.Release|Any CPU.ActiveCfg = Release|Any CPU
		{3FC3EAE2-C31B-4356-97C3-52DFC737442A}.Release|Any CPU.Build.0 = Release|Any CPU
		{450E67BC-75F6-414A-90B3-A91E60DB16C0}.Debug|Any CPU.ActiveCfg = Debug|Any CPU
		{450E67BC-75F6-414A-90B3-A91E60DB16C0}.Debug|Any CPU.Build.0 = Debug|Any CPU
		{450E67BC-75F6-414A-90B3-A91E60DB16C0}.Release|Any CPU.ActiveCfg = Release|Any CPU
		{450E67BC-75F6-414A-90B3-A91E60DB16C0}.Release|Any CPU.Build.0 = Release|Any CPU
		{89783BAC-2C34-4F0A-B39E-246B9528BDA7}.Debug|Any CPU.ActiveCfg = Debug|Any CPU
		{89783BAC-2C34-4F0A-B39E-246B9528BDA7}.Debug|Any CPU.Build.0 = Debug|Any CPU
		{89783BAC-2C34-4F0A-B39E-246B9528BDA7}.Release|Any CPU.ActiveCfg = Release|Any CPU
		{89783BAC-2C34-4F0A-B39E-246B9528BDA7}.Release|Any CPU.Build.0 = Release|Any CPU
		{7CF2FC2B-178C-44EC-95C2-B8526A614CDF}.Debug|Any CPU.ActiveCfg = Debug|Any CPU
		{7CF2FC2B-178C-44EC-95C2-B8526A614CDF}.Debug|Any CPU.Build.0 = Debug|Any CPU
		{7CF2FC2B-178C-44EC-95C2-B8526A614CDF}.Release|Any CPU.ActiveCfg = Release|Any CPU
		{7CF2FC2B-178C-44EC-95C2-B8526A614CDF}.Release|Any CPU.Build.0 = Release|Any CPU
		{93AAD578-250E-47F3-B62F-0C0C46AE72EE}.Debug|Any CPU.ActiveCfg = Debug|Any CPU
		{93AAD578-250E-47F3-B62F-0C0C46AE72EE}.Debug|Any CPU.Build.0 = Debug|Any CPU
		{93AAD578-250E-47F3-B62F-0C0C46AE72EE}.Release|Any CPU.ActiveCfg = Release|Any CPU
		{93AAD578-250E-47F3-B62F-0C0C46AE72EE}.Release|Any CPU.Build.0 = Release|Any CPU
	EndGlobalSection
	GlobalSection(SolutionProperties) = preSolution
		HideSolutionNode = FALSE
	EndGlobalSection
	GlobalSection(ExtensibilityGlobals) = postSolution
		SolutionGuid = {66CB2B8D-CFCE-421A-ABCD-18D39FD34975}
	EndGlobalSection
EndGlobal
